
Microsoft Visual Studio Solution File, Format Version 12.00
# Visual Studio Version 17
VisualStudioVersion = 17.7.34202.233
MinimumVisualStudioVersion = 10.0.40219.1
Project("{FAE04EC0-301F-11D3-BF4B-00C04F79EFBC}") = "ArabaOyunu", "ArabaOyunu.csproj", "{BC8FC417-0F54-4D69-BA24-8383AAD5A683}"
EndProject
Global
	GlobalSection(SolutionConfigurationPlatforms) = preSolution
		Debug|Any CPU = Debug|Any CPU
		Release|Any CPU = Release|Any CPU
	EndGlobalSection
	GlobalSection(ProjectConfigurationPlatforms) = postSolution
		{BC8FC417-0F54-4D69-BA24-8383AAD5A683}.Debug|Any CPU.ActiveCfg = Debug|Any CPU
		{BC8FC417-0F54-4D69-BA24-8383AAD5A683}.Debug|Any CPU.Build.0 = Debug|Any CPU
		{BC8FC417-0F54-4D69-BA24-8383AAD5A683}.Release|Any CPU.ActiveCfg = Release|Any CPU
		{BC8FC417-0F54-4D69-BA24-8383AAD5A683}.Release|Any CPU.Build.0 = Release|Any CPU
	EndGlobalSection
	GlobalSection(SolutionProperties) = preSolution
		HideSolutionNode = FALSE
	EndGlobalSection
	GlobalSection(ExtensibilityGlobals) = postSolution
		SolutionGuid = {27517D13-3A44-44A6-842C-32EADF9859B7}
	EndGlobalSection
EndGlobal
